
Microsoft Visual Studio Solution File, Format Version 12.00
# Visual Studio Version 16
VisualStudioVersion = 16.6.30114.105
MinimumVisualStudioVersion = 10.0.40219.1
Project("{9A19103F-16F7-4668-BE54-9A1E7A4F7556}") = "Etain.WeatherApp.Web", "Etain.WeatherApp.Web\Etain.WeatherApp.Web.csproj", "{45992641-AA09-4EB6-907D-7BCA8A81B8F7}"
EndProject
Project("{9A19103F-16F7-4668-BE54-9A1E7A4F7556}") = "Etain.WeatherApp.Data.Test", "Etain.WeatherApp.Test\Etain.WeatherApp.Data.Test.csproj", "{06E224EF-C837-4DDF-BA68-F70AFCFCE2D0}"
EndProject
Project("{9A19103F-16F7-4668-BE54-9A1E7A4F7556}") = "Etain.WeatherApp", "Etain.WeatherApp\Etain.WeatherApp.csproj", "{83E2B515-FE9C-4150-BF0D-5378159CE70A}"
EndProject
Project("{9A19103F-16F7-4668-BE54-9A1E7A4F7556}") = "Etain.WeatherApp.Data", "Etain.WeatherApp.Data\Etain.WeatherApp.Data.csproj", "{B400AF6D-2D70-4B17-A2B0-BE901D10BD88}"
EndProject
Global
	GlobalSection(SolutionConfigurationPlatforms) = preSolution
		Debug|Any CPU = Debug|Any CPU
		Debug|x64 = Debug|x64
		Debug|x86 = Debug|x86
		Release|Any CPU = Release|Any CPU
		Release|x64 = Release|x64
		Release|x86 = Release|x86
	EndGlobalSection
	GlobalSection(ProjectConfigurationPlatforms) = postSolution
		{45992641-AA09-4EB6-907D-7BCA8A81B8F7}.Debug|Any CPU.ActiveCfg = Debug|Any CPU
		{45992641-AA09-4EB6-907D-7BCA8A81B8F7}.Debug|Any CPU.Build.0 = Debug|Any CPU
		{45992641-AA09-4EB6-907D-7BCA8A81B8F7}.Debug|x64.ActiveCfg = Debug|Any CPU
		{45992641-AA09-4EB6-907D-7BCA8A81B8F7}.Debug|x64.Build.0 = Debug|Any CPU
		{45992641-AA09-4EB6-907D-7BCA8A81B8F7}.Debug|x86.ActiveCfg = Debug|Any CPU
		{45992641-AA09-4EB6-907D-7BCA8A81B8F7}.Debug|x86.Build.0 = Debug|Any CPU
		{45992641-AA09-4EB6-907D-7BCA8A81B8F7}.Release|Any CPU.ActiveCfg = Release|Any CPU
		{45992641-AA09-4EB6-907D-7BCA8A81B8F7}.Release|Any CPU.Build.0 = Release|Any CPU
		{45992641-AA09-4EB6-907D-7BCA8A81B8F7}.Release|x64.ActiveCfg = Release|Any CPU
		{45992641-AA09-4EB6-907D-7BCA8A81B8F7}.Release|x64.Build.0 = Release|Any CPU
		{45992641-AA09-4EB6-907D-7BCA8A81B8F7}.Release|x86.ActiveCfg = Release|Any CPU
		{45992641-AA09-4EB6-907D-7BCA8A81B8F7}.Release|x86.Build.0 = Release|Any CPU
		{06E224EF-C837-4DDF-BA68-F70AFCFCE2D0}.Debug|Any CPU.ActiveCfg = Debug|Any CPU
		{06E224EF-C837-4DDF-BA68-F70AFCFCE2D0}.Debug|Any CPU.Build.0 = Debug|Any CPU
		{06E224EF-C837-4DDF-BA68-F70AFCFCE2D0}.Debug|x64.ActiveCfg = Debug|Any CPU
		{06E224EF-C837-4DDF-BA68-F70AFCFCE2D0}.Debug|x64.Build.0 = Debug|Any CPU
		{06E224EF-C837-4DDF-BA68-F70AFCFCE2D0}.Debug|x86.ActiveCfg = Debug|Any CPU
		{06E224EF-C837-4DDF-BA68-F70AFCFCE2D0}.Debug|x86.Build.0 = Debug|Any CPU
		{06E224EF-C837-4DDF-BA68-F70AFCFCE2D0}.Release|Any CPU.ActiveCfg = Release|Any CPU
		{06E224EF-C837-4DDF-BA68-F70AFCFCE2D0}.Release|Any CPU.Build.0 = Release|Any CPU
		{06E224EF-C837-4DDF-BA68-F70AFCFCE2D0}.Release|x64.ActiveCfg = Release|Any CPU
		{06E224EF-C837-4DDF-BA68-F70AFCFCE2D0}.Release|x64.Build.0 = Release|Any CPU
		{06E224EF-C837-4DDF-BA68-F70AFCFCE2D0}.Release|x86.ActiveCfg = Release|Any CPU
		{06E224EF-C837-4DDF-BA68-F70AFCFCE2D0}.Release|x86.Build.0 = Release|Any CPU
		{83E2B515-FE9C-4150-BF0D-5378159CE70A}.Debug|Any CPU.ActiveCfg = Debug|Any CPU
		{83E2B515-FE9C-4150-BF0D-5378159CE70A}.Debug|Any CPU.Build.0 = Debug|Any CPU
		{83E2B515-FE9C-4150-BF0D-5378159CE70A}.Debug|x64.ActiveCfg = Debug|Any CPU
		{83E2B515-FE9C-4150-BF0D-5378159CE70A}.Debug|x64.Build.0 = Debug|Any CPU
		{83E2B515-FE9C-4150-BF0D-5378159CE70A}.Debug|x86.ActiveCfg = Debug|Any CPU
		{83E2B515-FE9C-4150-BF0D-5378159CE70A}.Debug|x86.Build.0 = Debug|Any CPU
		{83E2B515-FE9C-4150-BF0D-5378159CE70A}.Release|Any CPU.ActiveCfg = Release|Any CPU
		{83E2B515-FE9C-4150-BF0D-5378159CE70A}.Release|Any CPU.Build.0 = Release|Any CPU
		{83E2B515-FE9C-4150-BF0D-5378159CE70A}.Release|x64.ActiveCfg = Release|Any CPU
		{83E2B515-FE9C-4150-BF0D-5378159CE70A}.Release|x64.Build.0 = Release|Any CPU
		{83E2B515-FE9C-4150-BF0D-5378159CE70A}.Release|x86.ActiveCfg = Release|Any CPU
		{83E2B515-FE9C-4150-BF0D-5378159CE70A}.Release|x86.Build.0 = Release|Any CPU
		{B400AF6D-2D70-4B17-A2B0-BE901D10BD88}.Debug|Any CPU.ActiveCfg = Debug|Any CPU
		{B400AF6D-2D70-4B17-A2B0-BE901D10BD88}.Debug|Any CPU.Build.0 = Debug|Any CPU
		{B400AF6D-2D70-4B17-A2B0-BE901D10BD88}.Debug|x64.ActiveCfg = Debug|Any CPU
		{B400AF6D-2D70-4B17-A2B0-BE901D10BD88}.Debug|x64.Build.0 = Debug|Any CPU
		{B400AF6D-2D70-4B17-A2B0-BE901D10BD88}.Debug|x86.ActiveCfg = Debug|Any CPU
		{B400AF6D-2D70-4B17-A2B0-BE901D10BD88}.Debug|x86.Build.0 = Debug|Any CPU
		{B400AF6D-2D70-4B17-A2B0-BE901D10BD88}.Release|Any CPU.ActiveCfg = Release|Any CPU
		{B400AF6D-2D70-4B17-A2B0-BE901D10BD88}.Release|Any CPU.Build.0 = Release|Any CPU
		{B400AF6D-2D70-4B17-A2B0-BE901D10BD88}.Release|x64.ActiveCfg = Release|Any CPU
		{B400AF6D-2D70-4B17-A2B0-BE901D10BD88}.Release|x64.Build.0 = Release|Any CPU
		{B400AF6D-2D70-4B17-A2B0-BE901D10BD88}.Release|x86.ActiveCfg = Release|Any CPU
		{B400AF6D-2D70-4B17-A2B0-BE901D10BD88}.Release|x86.Build.0 = Release|Any CPU
	EndGlobalSection
	GlobalSection(SolutionProperties) = preSolution
		HideSolutionNode = FALSE
	EndGlobalSection
	GlobalSection(ExtensibilityGlobals) = postSolution
		SolutionGuid = {CDB7D68E-A171-44AE-B512-6E6CEE7CAF98}
	EndGlobalSection
EndGlobal
